
Microsoft Visual Studio Solution File, Format Version 12.00
# Visual Studio Version 16
VisualStudioVersion = 16.0.29123.88
MinimumVisualStudioVersion = 10.0.40219.1
Project("{FAE04EC0-301F-11D3-BF4B-00C04F79EFBC}") = "FilterPolishZ", "FilterPolishZ\FilterPolishZ.csproj", "{A823D0B5-F15D-4619-A714-7260FB71F394}"
	ProjectSection(ProjectDependencies) = postProject
		{C0372637-8FD2-450A-B084-FEF2512FEF1F} = {C0372637-8FD2-450A-B084-FEF2512FEF1F}
		{81A4CD6B-9C6C-4139-8A56-A20074D5B0A7} = {81A4CD6B-9C6C-4139-8A56-A20074D5B0A7}
		{FB9B4F87-458E-4FEA-9A55-32C56DD02B7C} = {FB9B4F87-458E-4FEA-9A55-32C56DD02B7C}
	EndProjectSection
EndProject
Project("{9A19103F-16F7-4668-BE54-9A1E7A4F7556}") = "FilterCore", "FilterCore\FilterCore.csproj", "{81A4CD6B-9C6C-4139-8A56-A20074D5B0A7}"
	ProjectSection(ProjectDependencies) = postProject
		{FB9B4F87-458E-4FEA-9A55-32C56DD02B7C} = {FB9B4F87-458E-4FEA-9A55-32C56DD02B7C}
	EndProjectSection
EndProject
Project("{9A19103F-16F7-4668-BE54-9A1E7A4F7556}") = "FilterPolishUtil", "FilterPolishUtil\FilterPolishUtil.csproj", "{FB9B4F87-458E-4FEA-9A55-32C56DD02B7C}"
EndProject
Project("{9A19103F-16F7-4668-BE54-9A1E7A4F7556}") = "FilterEconomy", "FilterEconomy\FilterEconomy.csproj", "{C0372637-8FD2-450A-B084-FEF2512FEF1F}"
EndProject
Project("{9A19103F-16F7-4668-BE54-9A1E7A4F7556}") = "FilterEconomyProcessor", "FilterEconomyProcessor\FilterEconomyProcessor.csproj", "{235362D7-83F3-42F4-8DD5-E9C3CFD90A5E}"
EndProject
Project("{2150E333-8FDC-42A3-9474-1A3956D46DE8}") = "Cloud", "Cloud", "{0AC4A19E-2828-4C4C-A755-D4C826E824D7}"
EndProject
Project("{9A19103F-16F7-4668-BE54-9A1E7A4F7556}") = "AzurePolishFunctions", "AzurePolishFunctions\AzurePolishFunctions.csproj", "{02C696CC-F0BE-46C8-82FE-743ABA6D78F4}"
	ProjectSection(ProjectDependencies) = postProject
		{C0372637-8FD2-450A-B084-FEF2512FEF1F} = {C0372637-8FD2-450A-B084-FEF2512FEF1F}
		{81A4CD6B-9C6C-4139-8A56-A20074D5B0A7} = {81A4CD6B-9C6C-4139-8A56-A20074D5B0A7}
		{FB9B4F87-458E-4FEA-9A55-32C56DD02B7C} = {FB9B4F87-458E-4FEA-9A55-32C56DD02B7C}
		{235362D7-83F3-42F4-8DD5-E9C3CFD90A5E} = {235362D7-83F3-42F4-8DD5-E9C3CFD90A5E}
	EndProjectSection
EndProject
Project("{9A19103F-16F7-4668-BE54-9A1E7A4F7556}") = "FilterExo", "FilterExo\FilterExo.csproj", "{E0A34C50-8845-479F-B4CE-0EEFB3B4156F}"
EndProject
Project("{2150E333-8FDC-42A3-9474-1A3956D46DE8}") = "Tests", "Tests", "{9D5F1CAB-1E3A-4AF6-A705-DA847428FFFB}"
EndProject
Project("{9A19103F-16F7-4668-BE54-9A1E7A4F7556}") = "FilterPolishTestRunner", "FilterPolishTestRunner\FilterPolishTestRunner.csproj", "{09EC132D-F618-46E7-9261-2E909762FA31}"
EndProject
Project("{9A19103F-16F7-4668-BE54-9A1E7A4F7556}") = "FilterExoGenerator", "FilterExoGenerator\FilterExoGenerator.csproj", "{C17762B0-31E6-4374-8101-045CBE1D3483}"
EndProject
Project("{9A19103F-16F7-4668-BE54-9A1E7A4F7556}") = "AWSPolishFunctions", "AWSPolishFunctions\AWSPolishFunctions.csproj", "{A6E784B8-DA60-47DD-BFCD-59E4ECCAE818}"
EndProject
Project("{FAE04EC0-301F-11D3-BF4B-00C04F79EFBC}") = "FilterPolishZ-Barebone", "FilterPolishZ-Barebone\FilterPolishZ-Barebone.csproj", "{373FB401-E496-4928-A88B-EF3ACF304BE5}"
EndProject
Global
	GlobalSection(SolutionConfigurationPlatforms) = preSolution
		Debug|Any CPU = Debug|Any CPU
		Release|Any CPU = Release|Any CPU
	EndGlobalSection
	GlobalSection(ProjectConfigurationPlatforms) = postSolution
		{A823D0B5-F15D-4619-A714-7260FB71F394}.Debug|Any CPU.ActiveCfg = Debug|Any CPU
		{A823D0B5-F15D-4619-A714-7260FB71F394}.Debug|Any CPU.Build.0 = Debug|Any CPU
		{A823D0B5-F15D-4619-A714-7260FB71F394}.Release|Any CPU.ActiveCfg = Release|Any CPU
		{A823D0B5-F15D-4619-A714-7260FB71F394}.Release|Any CPU.Build.0 = Release|Any CPU
		{81A4CD6B-9C6C-4139-8A56-A20074D5B0A7}.Debug|Any CPU.ActiveCfg = Debug|Any CPU
		{81A4CD6B-9C6C-4139-8A56-A20074D5B0A7}.Debug|Any CPU.Build.0 = Debug|Any CPU
		{81A4CD6B-9C6C-4139-8A56-A20074D5B0A7}.Release|Any CPU.ActiveCfg = Release|Any CPU
		{81A4CD6B-9C6C-4139-8A56-A20074D5B0A7}.Release|Any CPU.Build.0 = Release|Any CPU
		{FB9B4F87-458E-4FEA-9A55-32C56DD02B7C}.Debug|Any CPU.ActiveCfg = Debug|Any CPU
		{FB9B4F87-458E-4FEA-9A55-32C56DD02B7C}.Debug|Any CPU.Build.0 = Debug|Any CPU
		{FB9B4F87-458E-4FEA-9A55-32C56DD02B7C}.Release|Any CPU.ActiveCfg = Release|Any CPU
		{FB9B4F87-458E-4FEA-9A55-32C56DD02B7C}.Release|Any CPU.Build.0 = Release|Any CPU
		{C0372637-8FD2-450A-B084-FEF2512FEF1F}.Debug|Any CPU.ActiveCfg = Debug|Any CPU
		{C0372637-8FD2-450A-B084-FEF2512FEF1F}.Debug|Any CPU.Build.0 = Debug|Any CPU
		{C0372637-8FD2-450A-B084-FEF2512FEF1F}.Release|Any CPU.ActiveCfg = Release|Any CPU
		{C0372637-8FD2-450A-B084-FEF2512FEF1F}.Release|Any CPU.Build.0 = Release|Any CPU
		{235362D7-83F3-42F4-8DD5-E9C3CFD90A5E}.Debug|Any CPU.ActiveCfg = Debug|Any CPU
		{235362D7-83F3-42F4-8DD5-E9C3CFD90A5E}.Debug|Any CPU.Build.0 = Debug|Any CPU
		{235362D7-83F3-42F4-8DD5-E9C3CFD90A5E}.Release|Any CPU.ActiveCfg = Release|Any CPU
		{235362D7-83F3-42F4-8DD5-E9C3CFD90A5E}.Release|Any CPU.Build.0 = Release|Any CPU
		{02C696CC-F0BE-46C8-82FE-743ABA6D78F4}.Debug|Any CPU.ActiveCfg = Debug|Any CPU
		{02C696CC-F0BE-46C8-82FE-743ABA6D78F4}.Debug|Any CPU.Build.0 = Debug|Any CPU
		{02C696CC-F0BE-46C8-82FE-743ABA6D78F4}.Release|Any CPU.ActiveCfg = Release|Any CPU
		{02C696CC-F0BE-46C8-82FE-743ABA6D78F4}.Release|Any CPU.Build.0 = Release|Any CPU
		{E0A34C50-8845-479F-B4CE-0EEFB3B4156F}.Debug|Any CPU.ActiveCfg = Debug|Any CPU
		{E0A34C50-8845-479F-B4CE-0EEFB3B4156F}.Debug|Any CPU.Build.0 = Debug|Any CPU
		{E0A34C50-8845-479F-B4CE-0EEFB3B4156F}.Release|Any CPU.ActiveCfg = Release|Any CPU
		{E0A34C50-8845-479F-B4CE-0EEFB3B4156F}.Release|Any CPU.Build.0 = Release|Any CPU
		{09EC132D-F618-46E7-9261-2E909762FA31}.Debug|Any CPU.ActiveCfg = Debug|Any CPU
		{09EC132D-F618-46E7-9261-2E909762FA31}.Debug|Any CPU.Build.0 = Debug|Any CPU
		{09EC132D-F618-46E7-9261-2E909762FA31}.Release|Any CPU.ActiveCfg = Release|Any CPU
		{09EC132D-F618-46E7-9261-2E909762FA31}.Release|Any CPU.Build.0 = Release|Any CPU
		{C17762B0-31E6-4374-8101-045CBE1D3483}.Debug|Any CPU.ActiveCfg = Debug|Any CPU
		{C17762B0-31E6-4374-8101-045CBE1D3483}.Debug|Any CPU.Build.0 = Debug|Any CPU
		{C17762B0-31E6-4374-8101-045CBE1D3483}.Release|Any CPU.ActiveCfg = Release|Any CPU
		{C17762B0-31E6-4374-8101-045CBE1D3483}.Release|Any CPU.Build.0 = Release|Any CPU
		{A6E784B8-DA60-47DD-BFCD-59E4ECCAE818}.Debug|Any CPU.ActiveCfg = Debug|Any CPU
		{A6E784B8-DA60-47DD-BFCD-59E4ECCAE818}.Debug|Any CPU.Build.0 = Debug|Any CPU
		{A6E784B8-DA60-47DD-BFCD-59E4ECCAE818}.Release|Any CPU.ActiveCfg = Release|Any CPU
		{A6E784B8-DA60-47DD-BFCD-59E4ECCAE818}.Release|Any CPU.Build.0 = Release|Any CPU
		{373FB401-E496-4928-A88B-EF3ACF304BE5}.Debug|Any CPU.ActiveCfg = Debug|Any CPU
		{373FB401-E496-4928-A88B-EF3ACF304BE5}.Debug|Any CPU.Build.0 = Debug|Any CPU
		{373FB401-E496-4928-A88B-EF3ACF304BE5}.Release|Any CPU.ActiveCfg = Release|Any CPU
		{373FB401-E496-4928-A88B-EF3ACF304BE5}.Release|Any CPU.Build.0 = Release|Any CPU
	EndGlobalSection
	GlobalSection(SolutionProperties) = preSolution
		HideSolutionNode = FALSE
	EndGlobalSection
	GlobalSection(NestedProjects) = preSolution
		{02C696CC-F0BE-46C8-82FE-743ABA6D78F4} = {0AC4A19E-2828-4C4C-A755-D4C826E824D7}
		{09EC132D-F618-46E7-9261-2E909762FA31} = {9D5F1CAB-1E3A-4AF6-A705-DA847428FFFB}
		{A6E784B8-DA60-47DD-BFCD-59E4ECCAE818} = {0AC4A19E-2828-4C4C-A755-D4C826E824D7}
		{373FB401-E496-4928-A88B-EF3ACF304BE5} = {0AC4A19E-2828-4C4C-A755-D4C826E824D7}
	EndGlobalSection
	GlobalSection(ExtensibilityGlobals) = postSolution
		SolutionGuid = {88E666FA-A1E4-4FB4-BD67-E511B5477072}
	EndGlobalSection
EndGlobal
